
Microsoft Visual Studio Solution File, Format Version 12.00
# Visual Studio Version 17
VisualStudioVersion = 17.3.32611.2
MinimumVisualStudioVersion = 10.0.40219.1
Project("{888888A0-9F3D-457C-B088-3A5042F75D52}") = "djangoapp", "djangoapp.pyproj", "{D9E9D34C-BBDB-4349-A7B4-E433815AE196}"
EndProject
Global
	GlobalSection(SolutionConfigurationPlatforms) = preSolution
		Debug|Any CPU = Debug|Any CPU
		Release|Any CPU = Release|Any CPU
	EndGlobalSection
	GlobalSection(ProjectConfigurationPlatforms) = postSolution
		{D9E9D34C-BBDB-4349-A7B4-E433815AE196}.Debug|Any CPU.ActiveCfg = Debug|Any CPU
		{D9E9D34C-BBDB-4349-A7B4-E433815AE196}.Release|Any CPU.ActiveCfg = Release|Any CPU
	EndGlobalSection
	GlobalSection(SolutionProperties) = preSolution
		HideSolutionNode = FALSE
	EndGlobalSection
	GlobalSection(ExtensibilityGlobals) = postSolution
		SolutionGuid = {7EA96CA9-A9F7-4B7F-BED8-D27370932DA9}
	EndGlobalSection
EndGlobal
